{
  "version": 4,
  "terraform_version": "1.14.6",
  "serial": 122,
  "lineage": "c56b4d12-53f3-b33e-a045-2204f6f21d9c",
  "outputs": {
    "api_function_url": {
      "value": "https://di3lxhqm4q7svugeokl34nhste0rhxdm.lambda-url.us-east-1.on.aws/",
      "type": "string"
    },
    "api_lambda_function_name": {
      "value": "image-labeling-dev-api",
      "type": "string"
    },
    "bucket_arn": {
      "value": "arn:aws:s3:::mlops-image-labeling-app-dev-leotr-20260501",
      "type": "string"
    },
    "bucket_name": {
      "value": "mlops-image-labeling-app-dev-leotr-20260501",
      "type": "string"
    },
    "dynamodb_table_name": {
      "value": "ImageIndex",
      "type": "string"
    },
    "lambda_function_name": {
      "value": "image-labeling-dev-labeler",
      "type": "string"
    },
    "lambda_role_name": {
      "value": "image-labeling-dev-lambda-role",
      "type": "string"
    }
  },
  "resources": [
    {
      "mode": "managed",
      "type": "aws_lambda_function_url",
      "name": "api",
      "provider": "provider[\"registry.terraform.io/hashicorp/aws\"]",
      "instances": [
        {
          "schema_version": 0,
          "attributes": {
            "authorization_type": "NONE",
            "cors": [
              {
                "allow_credentials": false,
                "allow_headers": [
                  "*"
                ],
                "allow_methods": [
                  "GET",
                  "POST"
                ],
                "allow_origins": [
                  "*"
                ],
                "expose_headers": null,
                "max_age": 3600
              }
            ],
            "function_arn": "arn:aws:lambda:us-east-1:732235801889:function:image-labeling-dev-api",
            "function_name": "image-labeling-dev-api",
            "function_url": "https://di3lxhqm4q7svugeokl34nhste0rhxdm.lambda-url.us-east-1.on.aws/",
            "id": "image-labeling-dev-api",
            "invoke_mode": "BUFFERED",
            "qualifier": "",
            "timeouts": null,
            "url_id": "di3lxhqm4q7svugeokl34nhste0rhxdm"
          },
          "sensitive_attributes": [],
          "identity_schema_version": 0,
          "private": "eyJlMmJmYjczMC1lY2FhLTExZTYtOGY4OC0zNDM2M2JjN2M0YzAiOnsiY3JlYXRlIjo2MDAwMDAwMDAwMDB9fQ==",
          "dependencies": [
            "module.api_lambda.aws_lambda_function.image_labeler",
            "module.dynamodb.aws_dynamodb_table.image_index",
            "module.iam.aws_iam_role.lambda_exec",
            "module.iam.data.aws_iam_policy_document.lambda_assume_role",
            "module.s3.aws_s3_bucket.images"
          ]
        }
      ]
    },
    {
      "mode": "managed",
      "type": "aws_lambda_permission",
      "name": "api_function_url_public",
      "provider": "provider[\"registry.terraform.io/hashicorp/aws\"]",
      "instances": [
        {
          "schema_version": 0,
          "attributes": {
            "action": "lambda:InvokeFunctionUrl",
            "event_source_token": "",
            "function_name": "image-labeling-dev-api",
            "function_url_auth_type": "NONE",
            "id": "AllowPublicFunctionUrlInvoke",
            "principal": "*",
            "principal_org_id": "",
            "qualifier": "",
            "source_account": "",
            "source_arn": null,
            "statement_id": "AllowPublicFunctionUrlInvoke",
            "statement_id_prefix": ""
          },
          "sensitive_attributes": [],
          "identity_schema_version": 0,
          "private": "bnVsbA==",
          "dependencies": [
            "module.api_lambda.aws_lambda_function.image_labeler",
            "module.dynamodb.aws_dynamodb_table.image_index",
            "module.iam.aws_iam_role.lambda_exec",
            "module.iam.data.aws_iam_policy_document.lambda_assume_role",
            "module.s3.aws_s3_bucket.images"
          ]
        }
      ]
    },
    {
      "mode": "managed",
      "type": "aws_lambda_permission",
      "name": "api_function_url_public_invoke",
      "provider": "provider[\"registry.terraform.io/hashicorp/aws\"]",
      "instances": [
        {
          "schema_version": 0,
          "attributes": {
            "action": "lambda:InvokeFunction",
            "event_source_token": null,
            "function_name": "image-labeling-dev-api",
            "function_url_auth_type": null,
            "id": "AllowPublicInvokeViaFunctionUrl",
            "principal": "*",
            "principal_org_id": null,
            "qualifier": "",
            "source_account": null,
            "source_arn": null,
            "statement_id": "AllowPublicInvokeViaFunctionUrl",
            "statement_id_prefix": ""
          },
          "sensitive_attributes": [],
          "identity_schema_version": 0,
          "private": "bnVsbA==",
          "dependencies": [
            "module.api_lambda.aws_lambda_function.image_labeler",
            "module.dynamodb.aws_dynamodb_table.image_index",
            "module.iam.aws_iam_role.lambda_exec",
            "module.iam.data.aws_iam_policy_document.lambda_assume_role",
            "module.s3.aws_s3_bucket.images"
          ]
        }
      ]
    },
    {
      "mode": "managed",
      "type": "aws_s3_bucket_notification",
      "name": "image_created_to_lambda",
      "provider": "provider[\"registry.terraform.io/hashicorp/aws\"]",
      "instances": [
        {
          "schema_version": 0,
          "attributes": {
            "bucket": "mlops-image-labeling-app-dev-leotr-20260501",
            "eventbridge": false,
            "id": "mlops-image-labeling-app-dev-leotr-20260501",
            "lambda_function": [
              {
                "events": [
                  "s3:ObjectCreated:*"
                ],
                "filter_prefix": "images/",
                "filter_suffix": "",
                "id": "tf-s3-lambda-20260515215822559100000002",
                "lambda_function_arn": "arn:aws:lambda:us-east-1:732235801889:function:image-labeling-dev-labeler"
              }
            ],
            "queue": [],
            "topic": []
          },
          "sensitive_attributes": [],
          "identity_schema_version": 0,
          "private": "bnVsbA==",
          "dependencies": [
            "module.dynamodb.aws_dynamodb_table.image_index",
            "module.iam.aws_iam_role.lambda_exec",
            "module.iam.data.aws_iam_policy_document.lambda_assume_role",
            "module.lambda.aws_lambda_function.image_labeler",
            "module.lambda.aws_lambda_permission.allow_s3_invoke",
            "module.s3.aws_s3_bucket.images"
          ]
        }
      ]
    },
    {
      "module": "module.api_lambda",
      "mode": "managed",
      "type": "aws_lambda_function",
      "name": "image_labeler",
      "provider": "provider[\"registry.terraform.io/hashicorp/aws\"]",
      "instances": [
        {
          "schema_version": 0,
          "attributes": {
            "architectures": [
              "x86_64"
            ],
            "arn": "arn:aws:lambda:us-east-1:732235801889:function:image-labeling-dev-api",
            "code_sha256": "o4qY5H21PfQO/Dz7+V1TVPQrNRanGXFaA/Pv8npN9os=",
            "code_signing_config_arn": "",
            "dead_letter_config": [],
            "description": "",
            "environment": [
              {
                "variables": {
                  "BUCKET_NAME": "mlops-image-labeling-app-dev-leotr-20260501",
                  "CONFIDENCE_THRESHOLD": "90",
                  "DYNAMODB_TABLE": "ImageIndex"
                }
              }
            ],
            "ephemeral_storage": [
              {
                "size": 512
              }
            ],
            "file_system_config": [],
            "filename": "lambda/api_function.zip",
            "function_name": "image-labeling-dev-api",
            "handler": "api_handler.lambda_handler",
            "id": "image-labeling-dev-api",
            "image_config": [],
            "image_uri": "",
            "invoke_arn": "arn:aws:apigateway:us-east-1:lambda:path/2015-03-31/functions/arn:aws:lambda:us-east-1:732235801889:function:image-labeling-dev-api/invocations",
            "kms_key_arn": "",
            "last_modified": "2026-05-15T21:58:20.872+0000",
            "layers": null,
            "logging_config": [
              {
                "application_log_level": "",
                "log_format": "Text",
                "log_group": "/aws/lambda/image-labeling-dev-api",
                "system_log_level": ""
              }
            ],
            "memory_size": 256,
            "package_type": "Zip",
            "publish": false,
            "qualified_arn": "arn:aws:lambda:us-east-1:732235801889:function:image-labeling-dev-api:$LATEST",
            "qualified_invoke_arn": "arn:aws:apigateway:us-east-1:lambda:path/2015-03-31/functions/arn:aws:lambda:us-east-1:732235801889:function:image-labeling-dev-api:$LATEST/invocations",
            "replace_security_groups_on_destroy": null,
            "replacement_security_group_ids": null,
            "reserved_concurrent_executions": -1,
            "role": "arn:aws:iam::732235801889:role/image-labeling-dev-lambda-role",
            "runtime": "python3.12",
            "s3_bucket": null,
            "s3_key": null,
            "s3_object_version": null,
            "signing_job_arn": "",
            "signing_profile_version_arn": "",
            "skip_destroy": false,
            "snap_start": [],
            "source_code_hash": "o4qY5H21PfQO/Dz7+V1TVPQrNRanGXFaA/Pv8npN9os=",
            "source_code_size": 1488,
            "tags": {
              "Environment": "dev",
              "Project": "image-labeling"
            },
            "tags_all": {
              "Environment": "dev",
              "Project": "image-labeling"
            },
            "timeout": 30,
            "timeouts": null,
            "tracing_config": [
              {
                "mode": "PassThrough"
              }
            ],
            "version": "$LATEST",
            "vpc_config": []
          },
          "sensitive_attributes": [],
          "identity_schema_version": 0,
          "private": "eyJlMmJmYjczMC1lY2FhLTExZTYtOGY4OC0zNDM2M2JjN2M0YzAiOnsiY3JlYXRlIjo2MDAwMDAwMDAwMDAsImRlbGV0ZSI6NjAwMDAwMDAwMDAwLCJ1cGRhdGUiOjYwMDAwMDAwMDAwMH19",
          "dependencies": [
            "module.dynamodb.aws_dynamodb_table.image_index",
            "module.iam.aws_iam_role.lambda_exec",
            "module.iam.data.aws_iam_policy_document.lambda_assume_role",
            "module.s3.aws_s3_bucket.images"
          ]
        }
      ]
    },
    {
      "module": "module.dynamodb",
      "mode": "managed",
      "type": "aws_dynamodb_table",
      "name": "image_index",
      "provider": "provider[\"registry.terraform.io/hashicorp/aws\"]",
      "instances": [
        {
          "schema_version": 1,
          "attributes": {
            "arn": "arn:aws:dynamodb:us-east-1:732235801889:table/ImageIndex",
            "attribute": [
              {
                "name": "PK",
                "type": "S"
              },
              {
                "name": "SK",
                "type": "S"
              }
            ],
            "billing_mode": "PAY_PER_REQUEST",
            "deletion_protection_enabled": false,
            "global_secondary_index": [],
            "hash_key": "PK",
            "id": "ImageIndex",
            "import_table": [],
            "local_secondary_index": [],
            "name": "ImageIndex",
            "on_demand_throughput": [],
            "point_in_time_recovery": [
              {
                "enabled": true,
                "recovery_period_in_days": 35
              }
            ],
            "range_key": "SK",
            "read_capacity": 0,
            "replica": [],
            "restore_date_time": null,
            "restore_source_name": null,
            "restore_source_table_arn": null,
            "restore_to_latest_time": null,
            "server_side_encryption": [
              {
                "enabled": true,
                "kms_key_arn": ""
              }
            ],
            "stream_arn": "",
            "stream_enabled": false,
            "stream_label": "",
            "stream_view_type": "",
            "table_class": "STANDARD",
            "tags": {
              "Environment": "dev",
              "Name": "ImageIndex",
              "Project": "image-labeling"
            },
            "tags_all": {
              "Environment": "dev",
              "Name": "ImageIndex",
              "Project": "image-labeling"
            },
            "timeouts": null,
            "ttl": [
              {
                "attribute_name": "",
                "enabled": false
              }
            ],
            "write_capacity": 0
          },
          "sensitive_attributes": [],
          "identity_schema_version": 0,
          "private": "eyJlMmJmYjczMC1lY2FhLTExZTYtOGY4OC0zNDM2M2JjN2M0YzAiOnsiY3JlYXRlIjoxODAwMDAwMDAwMDAwLCJkZWxldGUiOjYwMDAwMDAwMDAwMCwidXBkYXRlIjozNjAwMDAwMDAwMDAwfSwic2NoZW1hX3ZlcnNpb24iOiIxIn0="
        }
      ]
    },
    {
      "module": "module.iam",
      "mode": "data",
      "type": "aws_iam_policy_document",
      "name": "lambda_access",
      "provider": "provider[\"registry.terraform.io/hashicorp/aws\"]",
      "instances": [
        {
          "schema_version": 0,
          "attributes": {
            "id": "1817883891",
            "json": "{\n  \"Version\": \"2012-10-17\",\n  \"Statement\": [\n    {\n      \"Sid\": \"ReadImagesFromS3\",\n      \"Effect\": \"Allow\",\n      \"Action\": [\n        \"s3:PutObject\",\n        \"s3:GetObject\"\n      ],\n      \"Resource\": \"arn:aws:s3:::mlops-image-labeling-app-dev-leotr-20260501/*\"\n    },\n    {\n      \"Sid\": \"DetectLabels\",\n      \"Effect\": \"Allow\",\n      \"Action\": \"rekognition:DetectLabels\",\n      \"Resource\": \"*\"\n    },\n    {\n      \"Sid\": \"WriteAndQueryLabelIndex\",\n      \"Effect\": \"Allow\",\n      \"Action\": [\n        \"dynamodb:Query\",\n        \"dynamodb:PutItem\",\n        \"dynamodb:GetItem\",\n        \"dynamodb:BatchWriteItem\",\n        \"dynamodb:BatchGetItem\"\n      ],\n      \"Resource\": [\n        \"arn:aws:dynamodb:us-east-1:732235801889:table/ImageIndex/index/*\",\n        \"arn:aws:dynamodb:us-east-1:732235801889:table/ImageIndex\"\n      ]\n    }\n  ]\n}",
            "minified_json": "{\"Version\":\"2012-10-17\",\"Statement\":[{\"Sid\":\"ReadImagesFromS3\",\"Effect\":\"Allow\",\"Action\":[\"s3:PutObject\",\"s3:GetObject\"],\"Resource\":\"arn:aws:s3:::mlops-image-labeling-app-dev-leotr-20260501/*\"},{\"Sid\":\"DetectLabels\",\"Effect\":\"Allow\",\"Action\":\"rekognition:DetectLabels\",\"Resource\":\"*\"},{\"Sid\":\"WriteAndQueryLabelIndex\",\"Effect\":\"Allow\",\"Action\":[\"dynamodb:Query\",\"dynamodb:PutItem\",\"dynamodb:GetItem\",\"dynamodb:BatchWriteItem\",\"dynamodb:BatchGetItem\"],\"Resource\":[\"arn:aws:dynamodb:us-east-1:732235801889:table/ImageIndex/index/*\",\"arn:aws:dynamodb:us-east-1:732235801889:table/ImageIndex\"]}]}",
            "override_json": null,
            "override_policy_documents": null,
            "policy_id": null,
            "source_json": null,
            "source_policy_documents": null,
            "statement": [
              {
                "actions": [
                  "s3:GetObject",
                  "s3:PutObject"
                ],
                "condition": [],
                "effect": "Allow",
                "not_actions": [],
                "not_principals": [],
                "not_resources": [],
                "principals": [],
                "resources": [
                  "arn:aws:s3:::mlops-image-labeling-app-dev-leotr-20260501/*"
                ],
                "sid": "ReadImagesFromS3"
              },
              {
                "actions": [
                  "rekognition:DetectLabels"
                ],
                "condition": [],
                "effect": "Allow",
                "not_actions": [],
                "not_principals": [],
                "not_resources": [],
                "principals": [],
                "resources": [
                  "*"
                ],
                "sid": "DetectLabels"
              },
              {
                "actions": [
                  "dynamodb:BatchGetItem",
                  "dynamodb:BatchWriteItem",
                  "dynamodb:GetItem",
                  "dynamodb:PutItem",
                  "dynamodb:Query"
                ],
                "condition": [],
                "effect": "Allow",
                "not_actions": [],
                "not_principals": [],
                "not_resources": [],
                "principals": [],
                "resources": [
                  "arn:aws:dynamodb:us-east-1:732235801889:table/ImageIndex",
                  "arn:aws:dynamodb:us-east-1:732235801889:table/ImageIndex/index/*"
                ],
                "sid": "WriteAndQueryLabelIndex"
              }
            ],
            "version": "2012-10-17"
          },
          "sensitive_attributes": [],
          "identity_schema_version": 0
        }
      ]
    },
    {
      "module": "module.iam",
      "mode": "data",
      "type": "aws_iam_policy_document",
      "name": "lambda_assume_role",
      "provider": "provider[\"registry.terraform.io/hashicorp/aws\"]",
      "instances": [
        {
          "schema_version": 0,
          "attributes": {
            "id": "1604711841",
            "json": "{\n  \"Version\": \"2012-10-17\",\n  \"Statement\": [\n    {\n      \"Effect\": \"Allow\",\n      \"Action\": \"sts:AssumeRole\",\n      \"Principal\": {\n        \"Service\": \"lambda.amazonaws.com\"\n      }\n    }\n  ]\n}",
            "minified_json": "{\"Version\":\"2012-10-17\",\"Statement\":[{\"Effect\":\"Allow\",\"Action\":\"sts:AssumeRole\",\"Principal\":{\"Service\":\"lambda.amazonaws.com\"}}]}",
            "override_json": null,
            "override_policy_documents": null,
            "policy_id": null,
            "source_json": null,
            "source_policy_documents": null,
            "statement": [
              {
                "actions": [
                  "sts:AssumeRole"
                ],
                "condition": [],
                "effect": "Allow",
                "not_actions": [],
                "not_principals": [],
                "not_resources": [],
                "principals": [
                  {
                    "identifiers": [
                      "lambda.amazonaws.com"
                    ],
                    "type": "Service"
                  }
                ],
                "resources": [],
                "sid": ""
              }
            ],
            "version": "2012-10-17"
          },
          "sensitive_attributes": [],
          "identity_schema_version": 0
        }
      ]
    },
    {
      "module": "module.iam",
      "mode": "managed",
      "type": "aws_iam_role",
      "name": "lambda_exec",
      "provider": "provider[\"registry.terraform.io/hashicorp/aws\"]",
      "instances": [
        {
          "schema_version": 0,
          "attributes": {
            "arn": "arn:aws:iam::732235801889:role/image-labeling-dev-lambda-role",
            "assume_role_policy": "{\"Statement\":[{\"Action\":\"sts:AssumeRole\",\"Effect\":\"Allow\",\"Principal\":{\"Service\":\"lambda.amazonaws.com\"}}],\"Version\":\"2012-10-17\"}",
            "create_date": "2026-05-15T21:57:58Z",
            "description": "",
            "force_detach_policies": false,
            "id": "image-labeling-dev-lambda-role",
            "inline_policy": [],
            "managed_policy_arns": [],
            "max_session_duration": 3600,
            "name": "image-labeling-dev-lambda-role",
            "name_prefix": "",
            "path": "/",
            "permissions_boundary": "",
            "tags": {
              "Environment": "dev",
              "Project": "image-labeling"
            },
            "tags_all": {
              "Environment": "dev",
              "Project": "image-labeling"
            },
            "unique_id": "AROA2U7FHUUQ23OHQQWE6"
          },
          "sensitive_attributes": [],
          "identity_schema_version": 0,
          "private": "bnVsbA==",
          "dependencies": [
            "module.iam.data.aws_iam_policy_document.lambda_assume_role"
          ]
        }
      ]
    },
    {
      "module": "module.iam",
      "mode": "managed",
      "type": "aws_iam_role_policy",
      "name": "lambda_inline_policy",
      "provider": "provider[\"registry.terraform.io/hashicorp/aws\"]",
      "instances": [
        {
          "schema_version": 0,
          "attributes": {
            "id": "image-labeling-dev-lambda-role:image-labeling-dev-lambda-access",
            "name": "image-labeling-dev-lambda-access",
            "name_prefix": "",
            "policy": "{\"Version\":\"2012-10-17\",\"Statement\":[{\"Action\":[\"s3:PutObject\",\"s3:GetObject\"],\"Effect\":\"Allow\",\"Resource\":\"arn:aws:s3:::mlops-image-labeling-app-dev-leotr-20260501/*\",\"Sid\":\"ReadImagesFromS3\"},{\"Action\":\"rekognition:DetectLabels\",\"Effect\":\"Allow\",\"Resource\":\"*\",\"Sid\":\"DetectLabels\"},{\"Action\":[\"dynamodb:Query\",\"dynamodb:PutItem\",\"dynamodb:GetItem\",\"dynamodb:BatchWriteItem\",\"dynamodb:BatchGetItem\"],\"Effect\":\"Allow\",\"Resource\":[\"arn:aws:dynamodb:us-east-1:732235801889:table/ImageIndex/index/*\",\"arn:aws:dynamodb:us-east-1:732235801889:table/ImageIndex\"],\"Sid\":\"WriteAndQueryLabelIndex\"}]}",
            "role": "image-labeling-dev-lambda-role"
          },
          "sensitive_attributes": [],
          "identity_schema_version": 0,
          "private": "bnVsbA==",
          "dependencies": [
            "module.dynamodb.aws_dynamodb_table.image_index",
            "module.iam.aws_iam_role.lambda_exec",
            "module.iam.data.aws_iam_policy_document.lambda_access",
            "module.iam.data.aws_iam_policy_document.lambda_assume_role",
            "module.s3.aws_s3_bucket.images"
          ]
        }
      ]
    },
    {
      "module": "module.iam",
      "mode": "managed",
      "type": "aws_iam_role_policy_attachment",
      "name": "basic_lambda_logs",
      "provider": "provider[\"registry.terraform.io/hashicorp/aws\"]",
      "instances": [
        {
          "schema_version": 0,
          "attributes": {
            "id": "image-labeling-dev-lambda-role-20260515215801009300000001",
            "policy_arn": "arn:aws:iam::aws:policy/service-role/AWSLambdaBasicExecutionRole",
            "role": "image-labeling-dev-lambda-role"
          },
          "sensitive_attributes": [],
          "identity_schema_version": 0,
          "private": "bnVsbA==",
          "dependencies": [
            "module.iam.aws_iam_role.lambda_exec",
            "module.iam.data.aws_iam_policy_document.lambda_assume_role"
          ]
        }
      ]
    },
    {
      "module": "module.lambda",
      "mode": "managed",
      "type": "aws_lambda_function",
      "name": "image_labeler",
      "provider": "provider[\"registry.terraform.io/hashicorp/aws\"]",
      "instances": [
        {
          "schema_version": 0,
          "attributes": {
            "architectures": [
              "x86_64"
            ],
            "arn": "arn:aws:lambda:us-east-1:732235801889:function:image-labeling-dev-labeler",
            "code_sha256": "CErIw+du0J77GPaZ8WdktmFrmgedaZIaxpYaRIzOtG0=",
            "code_signing_config_arn": "",
            "dead_letter_config": [],
            "description": "",
            "environment": [
              {
                "variables": {
                  "CONFIDENCE_THRESHOLD": "90",
                  "DYNAMODB_TABLE": "ImageIndex"
                }
              }
            ],
            "ephemeral_storage": [
              {
                "size": 512
              }
            ],
            "file_system_config": [],
            "filename": "lambda/processor_function.zip",
            "function_name": "image-labeling-dev-labeler",
            "handler": "processor_handler.lambda_handler",
            "id": "image-labeling-dev-labeler",
            "image_config": [],
            "image_uri": "",
            "invoke_arn": "arn:aws:apigateway:us-east-1:lambda:path/2015-03-31/functions/arn:aws:lambda:us-east-1:732235801889:function:image-labeling-dev-labeler/invocations",
            "kms_key_arn": "",
            "last_modified": "2026-05-15T21:58:14.330+0000",
            "layers": null,
            "logging_config": [
              {
                "application_log_level": "",
                "log_format": "Text",
                "log_group": "/aws/lambda/image-labeling-dev-labeler",
                "system_log_level": ""
              }
            ],
            "memory_size": 256,
            "package_type": "Zip",
            "publish": false,
            "qualified_arn": "arn:aws:lambda:us-east-1:732235801889:function:image-labeling-dev-labeler:$LATEST",
            "qualified_invoke_arn": "arn:aws:apigateway:us-east-1:lambda:path/2015-03-31/functions/arn:aws:lambda:us-east-1:732235801889:function:image-labeling-dev-labeler:$LATEST/invocations",
            "replace_security_groups_on_destroy": null,
            "replacement_security_group_ids": null,
            "reserved_concurrent_executions": -1,
            "role": "arn:aws:iam::732235801889:role/image-labeling-dev-lambda-role",
            "runtime": "python3.12",
            "s3_bucket": null,
            "s3_key": null,
            "s3_object_version": null,
            "signing_job_arn": "",
            "signing_profile_version_arn": "",
            "skip_destroy": false,
            "snap_start": [],
            "source_code_hash": "CErIw+du0J77GPaZ8WdktmFrmgedaZIaxpYaRIzOtG0=",
            "source_code_size": 979,
            "tags": {
              "Environment": "dev",
              "Project": "image-labeling"
            },
            "tags_all": {
              "Environment": "dev",
              "Project": "image-labeling"
            },
            "timeout": 30,
            "timeouts": null,
            "tracing_config": [
              {
                "mode": "PassThrough"
              }
            ],
            "version": "$LATEST",
            "vpc_config": []
          },
          "sensitive_attributes": [],
          "identity_schema_version": 0,
          "private": "eyJlMmJmYjczMC1lY2FhLTExZTYtOGY4OC0zNDM2M2JjN2M0YzAiOnsiY3JlYXRlIjo2MDAwMDAwMDAwMDAsImRlbGV0ZSI6NjAwMDAwMDAwMDAwLCJ1cGRhdGUiOjYwMDAwMDAwMDAwMH19",
          "dependencies": [
            "module.dynamodb.aws_dynamodb_table.image_index",
            "module.iam.aws_iam_role.lambda_exec",
            "module.iam.data.aws_iam_policy_document.lambda_assume_role"
          ]
        }
      ]
    },
    {
      "module": "module.lambda",
      "mode": "managed",
      "type": "aws_lambda_permission",
      "name": "allow_s3_invoke",
      "provider": "provider[\"registry.terraform.io/hashicorp/aws\"]",
      "instances": [
        {
          "index_key": 0,
          "schema_version": 0,
          "attributes": {
            "action": "lambda:InvokeFunction",
            "event_source_token": null,
            "function_name": "image-labeling-dev-labeler",
            "function_url_auth_type": null,
            "id": "AllowExecutionFromS3",
            "principal": "s3.amazonaws.com",
            "principal_org_id": null,
            "qualifier": "",
            "source_account": null,
            "source_arn": "arn:aws:s3:::mlops-image-labeling-app-dev-leotr-20260501",
            "statement_id": "AllowExecutionFromS3",
            "statement_id_prefix": ""
          },
          "sensitive_attributes": [],
          "identity_schema_version": 0,
          "private": "bnVsbA==",
          "dependencies": [
            "module.dynamodb.aws_dynamodb_table.image_index",
            "module.iam.aws_iam_role.lambda_exec",
            "module.iam.data.aws_iam_policy_document.lambda_assume_role",
            "module.lambda.aws_lambda_function.image_labeler",
            "module.s3.aws_s3_bucket.images"
          ]
        }
      ]
    },
    {
      "module": "module.s3",
      "mode": "managed",
      "type": "aws_s3_bucket",
      "name": "images",
      "provider": "provider[\"registry.terraform.io/hashicorp/aws\"]",
      "instances": [
        {
          "schema_version": 0,
          "attributes": {
            "acceleration_status": "",
            "acl": null,
            "arn": "arn:aws:s3:::mlops-image-labeling-app-dev-leotr-20260501",
            "bucket": "mlops-image-labeling-app-dev-leotr-20260501",
            "bucket_domain_name": "mlops-image-labeling-app-dev-leotr-20260501.s3.amazonaws.com",
            "bucket_prefix": "",
            "bucket_regional_domain_name": "mlops-image-labeling-app-dev-leotr-20260501.s3.us-east-1.amazonaws.com",
            "cors_rule": [],
            "force_destroy": true,
            "grant": [
              {
                "id": "d205c903f688b48cb6f256c67dd19181c35a65bee3f1922027413cb5982b1ea8",
                "permissions": [
                  "FULL_CONTROL"
                ],
                "type": "CanonicalUser",
                "uri": ""
              }
            ],
            "hosted_zone_id": "Z3AQBSTGFYJSTF",
            "id": "mlops-image-labeling-app-dev-leotr-20260501",
            "lifecycle_rule": [],
            "logging": [],
            "object_lock_configuration": [],
            "object_lock_enabled": false,
            "policy": "",
            "region": "us-east-1",
            "replication_configuration": [],
            "request_payer": "BucketOwner",
            "server_side_encryption_configuration": [
              {
                "rule": [
                  {
                    "apply_server_side_encryption_by_default": [
                      {
                        "kms_master_key_id": "",
                        "sse_algorithm": "AES256"
                      }
                    ],
                    "bucket_key_enabled": false
                  }
                ]
              }
            ],
            "tags": {
              "Environment": "dev",
              "Project": "image-labeling"
            },
            "tags_all": {
              "Environment": "dev",
              "Project": "image-labeling"
            },
            "timeouts": null,
            "versioning": [
              {
                "enabled": false,
                "mfa_delete": false
              }
            ],
            "website": [],
            "website_domain": null,
            "website_endpoint": null
          },
          "sensitive_attributes": [],
          "identity_schema_version": 0,
          "private": "eyJlMmJmYjczMC1lY2FhLTExZTYtOGY4OC0zNDM2M2JjN2M0YzAiOnsiY3JlYXRlIjoxMjAwMDAwMDAwMDAwLCJkZWxldGUiOjM2MDAwMDAwMDAwMDAsInJlYWQiOjEyMDAwMDAwMDAwMDAsInVwZGF0ZSI6MTIwMDAwMDAwMDAwMH19"
        }
      ]
    },
    {
      "module": "module.s3",
      "mode": "managed",
      "type": "aws_s3_bucket_cors_configuration",
      "name": "cors",
      "provider": "provider[\"registry.terraform.io/hashicorp/aws\"]",
      "instances": [
        {
          "schema_version": 0,
          "attributes": {
            "bucket": "mlops-image-labeling-app-dev-leotr-20260501",
            "cors_rule": [
              {
                "allowed_headers": [
                  "*"
                ],
                "allowed_methods": [
                  "GET",
                  "HEAD",
                  "PUT"
                ],
                "allowed_origins": [
                  "*"
                ],
                "expose_headers": [
                  "ETag"
                ],
                "id": "",
                "max_age_seconds": 3000
              }
            ],
            "expected_bucket_owner": "",
            "id": "mlops-image-labeling-app-dev-leotr-20260501"
          },
          "sensitive_attributes": [],
          "identity_schema_version": 0,
          "private": "bnVsbA==",
          "dependencies": [
            "module.s3.aws_s3_bucket.images"
          ]
        }
      ]
    },
    {
      "module": "module.s3",
      "mode": "managed",
      "type": "aws_s3_bucket_lifecycle_configuration",
      "name": "lifecycle",
      "provider": "provider[\"registry.terraform.io/hashicorp/aws\"]",
      "instances": [
        {
          "schema_version": 1,
          "attributes": {
            "bucket": "mlops-image-labeling-app-dev-leotr-20260501",
            "expected_bucket_owner": "",
            "id": "mlops-image-labeling-app-dev-leotr-20260501",
            "rule": [
              {
                "abort_incomplete_multipart_upload": [],
                "expiration": [],
                "filter": [
                  {
                    "and": [],
                    "object_size_greater_than": null,
                    "object_size_less_than": null,
                    "prefix": "images/",
                    "tag": []
                  }
                ],
                "id": "archive",
                "noncurrent_version_expiration": [],
                "noncurrent_version_transition": [],
                "prefix": "",
                "status": "Enabled",
                "transition": [
                  {
                    "date": null,
                    "days": 30,
                    "storage_class": "STANDARD_IA"
                  }
                ]
              }
            ],
            "timeouts": null,
            "transition_default_minimum_object_size": "all_storage_classes_128K"
          },
          "sensitive_attributes": [],
          "identity_schema_version": 0,
          "dependencies": [
            "module.s3.aws_s3_bucket.images"
          ]
        }
      ]
    },
    {
      "module": "module.s3",
      "mode": "managed",
      "type": "aws_s3_bucket_ownership_controls",
      "name": "ownership",
      "provider": "provider[\"registry.terraform.io/hashicorp/aws\"]",
      "instances": [
        {
          "schema_version": 0,
          "attributes": {
            "bucket": "mlops-image-labeling-app-dev-leotr-20260501",
            "id": "mlops-image-labeling-app-dev-leotr-20260501",
            "rule": [
              {
                "object_ownership": "BucketOwnerEnforced"
              }
            ]
          },
          "sensitive_attributes": [],
          "identity_schema_version": 0,
          "private": "bnVsbA==",
          "dependencies": [
            "module.s3.aws_s3_bucket.images"
          ]
        }
      ]
    },
    {
      "module": "module.s3",
      "mode": "managed",
      "type": "aws_s3_bucket_public_access_block",
      "name": "private",
      "provider": "provider[\"registry.terraform.io/hashicorp/aws\"]",
      "instances": [
        {
          "schema_version": 0,
          "attributes": {
            "block_public_acls": true,
            "block_public_policy": true,
            "bucket": "mlops-image-labeling-app-dev-leotr-20260501",
            "id": "mlops-image-labeling-app-dev-leotr-20260501",
            "ignore_public_acls": true,
            "restrict_public_buckets": true
          },
          "sensitive_attributes": [],
          "identity_schema_version": 0,
          "private": "bnVsbA==",
          "dependencies": [
            "module.s3.aws_s3_bucket.images"
          ]
        }
      ]
    },
    {
      "module": "module.s3",
      "mode": "managed",
      "type": "aws_s3_bucket_server_side_encryption_configuration",
      "name": "encryption",
      "provider": "provider[\"registry.terraform.io/hashicorp/aws\"]",
      "instances": [
        {
          "schema_version": 0,
          "attributes": {
            "bucket": "mlops-image-labeling-app-dev-leotr-20260501",
            "expected_bucket_owner": "",
            "id": "mlops-image-labeling-app-dev-leotr-20260501",
            "rule": [
              {
                "apply_server_side_encryption_by_default": [
                  {
                    "kms_master_key_id": "",
                    "sse_algorithm": "AES256"
                  }
                ],
                "bucket_key_enabled": null
              }
            ]
          },
          "sensitive_attributes": [],
          "identity_schema_version": 0,
          "private": "bnVsbA==",
          "dependencies": [
            "module.s3.aws_s3_bucket.images"
          ]
        }
      ]
    },
    {
      "module": "module.s3",
      "mode": "managed",
      "type": "aws_s3_bucket_versioning",
      "name": "versioning",
      "provider": "provider[\"registry.terraform.io/hashicorp/aws\"]",
      "instances": [
        {
          "schema_version": 0,
          "attributes": {
            "bucket": "mlops-image-labeling-app-dev-leotr-20260501",
            "expected_bucket_owner": "",
            "id": "mlops-image-labeling-app-dev-leotr-20260501",
            "mfa": null,
            "versioning_configuration": [
              {
                "mfa_delete": "",
                "status": "Enabled"
              }
            ]
          },
          "sensitive_attributes": [],
          "identity_schema_version": 0,
          "private": "bnVsbA==",
          "dependencies": [
            "module.s3.aws_s3_bucket.images"
          ]
        }
      ]
    },
    {
      "module": "module.s3",
      "mode": "managed",
      "type": "aws_s3_object",
      "name": "images_prefix",
      "provider": "provider[\"registry.terraform.io/hashicorp/aws\"]",
      "instances": [
        {
          "schema_version": 0,
          "attributes": {
            "acl": null,
            "arn": "arn:aws:s3:::mlops-image-labeling-app-dev-leotr-20260501/images/",
            "bucket": "mlops-image-labeling-app-dev-leotr-20260501",
            "bucket_key_enabled": false,
            "cache_control": "",
            "checksum_algorithm": null,
            "checksum_crc32": "",
            "checksum_crc32c": "",
            "checksum_crc64nvme": "",
            "checksum_sha1": "",
            "checksum_sha256": "",
            "content": null,
            "content_base64": null,
            "content_disposition": "",
            "content_encoding": "",
            "content_language": "",
            "content_type": "application/octet-stream",
            "etag": "d41d8cd98f00b204e9800998ecf8427e",
            "force_destroy": false,
            "id": "images/",
            "key": "images/",
            "kms_key_id": null,
            "metadata": null,
            "object_lock_legal_hold_status": "",
            "object_lock_mode": "",
            "object_lock_retain_until_date": "",
            "override_provider": [],
            "server_side_encryption": "AES256",
            "source": null,
            "source_hash": null,
            "storage_class": "STANDARD",
            "tags": {
              "Environment": "dev",
              "Project": "image-labeling"
            },
            "tags_all": {
              "Environment": "dev",
              "Project": "image-labeling"
            },
            "version_id": "null",
            "website_redirect": ""
          },
          "sensitive_attributes": [],
          "identity_schema_version": 0,
          "private": "bnVsbA==",
          "dependencies": [
            "module.s3.aws_s3_bucket.images"
          ]
        }
      ]
    }
  ],
  "check_results": null
}
